DEPENDENCIES
  optchef-rails
    path: .
    metadata: true
  passenger_apache2
  vhosts

GRAPH
  apache2 (2.0.0)
    iptables (>= 0.0.0)
    logrotate (>= 0.0.0)
    pacman (>= 0.0.0)
  build-essential (2.0.6)
  iptables (0.14.0)
  java (1.26.0)
  logrotate (1.6.0)
  optchef-rails (1.9.3)
    passenger (>= 0.0.0)
    passenger_apache2 (>= 0.0.0)
    vhosts (>= 0.0.0)
  pacman (1.1.1)
  passenger (0.0.1)
  passenger_apache2 (0.1.0)
    apache2 (>= 0.0.0)
    build-essential (>= 0.0.0)
    rbenv (= 0.7.3)
  rbenv (0.7.3)
    java (> 1.4.0)
    ruby_build (>= 0.0.0)
  ruby_build (0.8.1)
  vhosts (0.0.2)
    apache2 (>= 0.0.0)
