DEPENDENCIES
  optchef-rails
    path: .
    metadata: true
  passenger_apache2
  vhosts

GRAPH
  apache2 (2.0.0)
    iptables (>= 0.0.0)
    logrotate (>= 0.0.0)
    pacman (>= 0.0.0)
  build-essential (2.2.3)
  iptables (0.14.0)
  java (1.31.0)
  logrotate (1.6.0)
  old-passenger_apache2 (0.1.0)
    apache2 (>= 1.0.4)
    build-essential (>= 0.0.0)
    rbenv (>= 0.0.0)
  optchef-rails (2.1.6)
    old-passenger_apache2 (>= 0.0.0)
    passenger (>= 0.0.0)
    vhosts (>= 0.0.0)
  pacman (1.1.1)
  passenger (0.0.1)
  passenger_apache2 (2.2.2)
    apache2 (>= 1.0.4)
    build-essential (>= 0.0.0)
  rbenv (0.7.3)
    java (> 1.4.0)
    ruby_build (>= 0.0.0)
  ruby_build (0.8.1)
  vhosts (0.0.2)
    apache2 (>= 0.0.0)
