DEPENDENCIES
  optchef-rails
    path: .
    metadata: true
  passenger_apache2
  vhosts

GRAPH
  apache2 (3.3.0)
  build-essential (8.0.3)
    mingw (>= 1.1)
    seven_zip (>= 0.0.0)
  mingw (2.0.1)
    seven_zip (>= 0.0.0)
  ohai (5.1.0)
  optchef-rails (2.3.3)
    passenger (>= 0.0.0)
    passenger_apache2 (>= 0.0.0)
    vhosts (>= 0.0.0)
  passenger (0.0.1)
  passenger_apache2 (3.0.1)
    apache2 (>= 2.0)
    build-essential (>= 0.0.0)
  seven_zip (2.0.2)
    windows (>= 1.2.2)
  vhosts (0.0.3)
    apache2 (>= 0.0.0)
  windows (3.1.0)
    ohai (>= 4.0.0)
